
Microsoft Visual Studio Solution File, Format Version 12.00
# Visual Studio Version 17
VisualStudioVersion = 17.7.34024.191
MinimumVisualStudioVersion = 10.0.40219.1
Project("{9A19103F-16F7-4668-BE54-9A1E7A4F7556}") = "DataAcess", "DataAcess\DataAcess.csproj", "{28EC19A1-A36A-48D2-BCB3-56AF9023B2B9}"
EndProject
Project("{9A19103F-16F7-4668-BE54-9A1E7A4F7556}") = "FitFusionWeb", "FitFusionWeb\FitFusionWeb.csproj", "{D86794C5-87A4-4F20-8531-E40C0D831368}"
EndProject
Project("{9A19103F-16F7-4668-BE54-9A1E7A4F7556}") = "Models", "Models\Models.csproj", "{66DD49B2-EC0D-4B00-9518-62D9776366C5}"
EndProject
Project("{9A19103F-16F7-4668-BE54-9A1E7A4F7556}") = "Controllers", "Controllers\Controllers.csproj", "{F8CA8F74-B061-4D98-A40E-7B3B9FBDB6FB}"
EndProject
Project("{9A19103F-16F7-4668-BE54-9A1E7A4F7556}") = "FitFusionDesktop", "FitFusionDesktop\FitFusionDesktop.csproj", "{32121E8A-1BF0-48F7-86B2-3850FF373993}"
EndProject
Project("{FAE04EC0-301F-11D3-BF4B-00C04F79EFBC}") = "FitFusionTest", "FitFusionTest\FitFusionTest.csproj", "{EE5BD980-98E1-4A59-878E-CA8FBD225CA2}"
EndProject
Global
	GlobalSection(SolutionConfigurationPlatforms) = preSolution
		Debug|Any CPU = Debug|Any CPU
		Release|Any CPU = Release|Any CPU
	EndGlobalSection
	GlobalSection(ProjectConfigurationPlatforms) = postSolution
		{28EC19A1-A36A-48D2-BCB3-56AF9023B2B9}.Debug|Any CPU.ActiveCfg = Debug|Any CPU
		{28EC19A1-A36A-48D2-BCB3-56AF9023B2B9}.Debug|Any CPU.Build.0 = Debug|Any CPU
		{28EC19A1-A36A-48D2-BCB3-56AF9023B2B9}.Release|Any CPU.ActiveCfg = Release|Any CPU
		{28EC19A1-A36A-48D2-BCB3-56AF9023B2B9}.Release|Any CPU.Build.0 = Release|Any CPU
		{D86794C5-87A4-4F20-8531-E40C0D831368}.Debug|Any CPU.ActiveCfg = Debug|Any CPU
		{D86794C5-87A4-4F20-8531-E40C0D831368}.Debug|Any CPU.Build.0 = Debug|Any CPU
		{D86794C5-87A4-4F20-8531-E40C0D831368}.Release|Any CPU.ActiveCfg = Release|Any CPU
		{D86794C5-87A4-4F20-8531-E40C0D831368}.Release|Any CPU.Build.0 = Release|Any CPU
		{66DD49B2-EC0D-4B00-9518-62D9776366C5}.Debug|Any CPU.ActiveCfg = Debug|Any CPU
		{66DD49B2-EC0D-4B00-9518-62D9776366C5}.Debug|Any CPU.Build.0 = Debug|Any CPU
		{66DD49B2-EC0D-4B00-9518-62D9776366C5}.Release|Any CPU.ActiveCfg = Release|Any CPU
		{66DD49B2-EC0D-4B00-9518-62D9776366C5}.Release|Any CPU.Build.0 = Release|Any CPU
		{F8CA8F74-B061-4D98-A40E-7B3B9FBDB6FB}.Debug|Any CPU.ActiveCfg = Debug|Any CPU
		{F8CA8F74-B061-4D98-A40E-7B3B9FBDB6FB}.Debug|Any CPU.Build.0 = Debug|Any CPU
		{F8CA8F74-B061-4D98-A40E-7B3B9FBDB6FB}.Release|Any CPU.ActiveCfg = Release|Any CPU
		{F8CA8F74-B061-4D98-A40E-7B3B9FBDB6FB}.Release|Any CPU.Build.0 = Release|Any CPU
		{32121E8A-1BF0-48F7-86B2-3850FF373993}.Debug|Any CPU.ActiveCfg = Debug|Any CPU
		{32121E8A-1BF0-48F7-86B2-3850FF373993}.Debug|Any CPU.Build.0 = Debug|Any CPU
		{32121E8A-1BF0-48F7-86B2-3850FF373993}.Release|Any CPU.ActiveCfg = Release|Any CPU
		{32121E8A-1BF0-48F7-86B2-3850FF373993}.Release|Any CPU.Build.0 = Release|Any CPU
		{EE5BD980-98E1-4A59-878E-CA8FBD225CA2}.Debug|Any CPU.ActiveCfg = Debug|Any CPU
		{EE5BD980-98E1-4A59-878E-CA8FBD225CA2}.Debug|Any CPU.Build.0 = Debug|Any CPU
		{EE5BD980-98E1-4A59-878E-CA8FBD225CA2}.Release|Any CPU.ActiveCfg = Release|Any CPU
		{EE5BD980-98E1-4A59-878E-CA8FBD225CA2}.Release|Any CPU.Build.0 = Release|Any CPU
	EndGlobalSection
	GlobalSection(SolutionProperties) = preSolution
		HideSolutionNode = FALSE
	EndGlobalSection
	GlobalSection(ExtensibilityGlobals) = postSolution
		SolutionGuid = {0328BFD4-DF0D-4AE8-A290-510761DF5249}
	EndGlobalSection
EndGlobal
